// !$*UTF8*$!
{
	archiveVersion = 1;
	classes = {
	};
	objectVersion = 50;
	objects = {

/* Begin PBXBuildFile section */
		430545A0256F352200D9FB03 /* TaskView.swift in Sources */ = {isa = PBXBuildFile; fileRef = 4305459F256F352100D9FB03 /* TaskView.swift */; };
		434CC25A256CE7CD001378E8 /* AppDelegate.swift in Sources */ = {isa = PBXBuildFile; fileRef = 434CC259256CE7CD001378E8 /* AppDelegate.swift */; };
		434CC25C256CE7CD001378E8 /* SceneDelegate.swift in Sources */ = {isa = PBXBuildFile; fileRef = 434CC25B256CE7CD001378E8 /* SceneDelegate.swift */; };
		434CC25E256CE7CD001378E8 /* ContentView.swift in Sources */ = {isa = PBXBuildFile; fileRef = 434CC25D256CE7CD001378E8 /* ContentView.swift */; };
		434CC260256CE7D0001378E8 /* Assets.xcassets in Resources */ = {isa = PBXBuildFile; fileRef = 434CC25F256CE7D0001378E8 /* Assets.xcassets */; };
		434CC263256CE7D0001378E8 /* Preview Assets.xcassets in Resources */ = {isa = PBXBuildFile; fileRef = 434CC262256CE7D0001378E8 /* Preview Assets.xcassets */; };
		434CC266256CE7D0001378E8 /* LaunchScreen.storyboard in Resources */ = {isa = PBXBuildFile; fileRef = 434CC264256CE7D0001378E8 /* LaunchScreen.storyboard */; };
		434CC271256CE7D2001378E8 /* HandyFriendsTests.swift in Sources */ = {isa = PBXBuildFile; fileRef = 434CC270256CE7D2001378E8 /* HandyFriendsTests.swift */; };
		434CC27C256CE7D2001378E8 /* HandyFriendsUITests.swift in Sources */ = {isa = PBXBuildFile; fileRef = 434CC27B256CE7D2001378E8 /* HandyFriendsUITests.swift */; };
		434CC28D256CE801001378E8 /* ReusableViews.swift in Sources */ = {isa = PBXBuildFile; fileRef = 434CC28C256CE801001378E8 /* ReusableViews.swift */; };
		434CC292256D07ED001378E8 /* SettingsView.swift in Sources */ = {isa = PBXBuildFile; fileRef = 434CC291256D07EB001378E8 /* SettingsView.swift */; };
/* End PBXBuildFile section */

/* Begin PBXContainerItemProxy section */
		434CC26D256CE7D2001378E8 /* PBXContainerItemProxy */ = {
			isa = PBXContainerItemProxy;
			containerPortal = 434CC24E256CE7CC001378E8 /* Project object */;
			proxyType = 1;
			remoteGlobalIDString = 434CC255256CE7CD001378E8;
			remoteInfo = HandyFriends;
		};
		434CC278256CE7D2001378E8 /* PBXContainerItemProxy */ = {
			isa = PBXContainerItemProxy;
			containerPortal = 434CC24E256CE7CC001378E8 /* Project object */;
			proxyType = 1;
			remoteGlobalIDString = 434CC255256CE7CD001378E8;
			remoteInfo = HandyFriends;
		};
/* End PBXContainerItemProxy section */

/* Begin PBXFileReference section */
		4305459F256F352100D9FB03 /* TaskView.swift */ = {isa = PBXFileReference; lastKnownFileType = sourcecode.swift; path = TaskView.swift; sourceTree = "<group>"; };
		434CC256256CE7CD001378E8 /* HandyFriends.app */ = {isa = PBXFileReference; explicitFileType = wrapper.application; includeInIndex = 0; path = HandyFriends.app; sourceTree = BUILT_PRODUCTS_DIR; };
		434CC259256CE7CD001378E8 /* AppDelegate.swift */ = {isa = PBXFileReference; lastKnownFileType = sourcecode.swift; path = AppDelegate.swift; sourceTree = "<group>"; };
		434CC25B256CE7CD001378E8 /* SceneDelegate.swift */ = {isa = PBXFileReference; lastKnownFileType = sourcecode.swift; path = SceneDelegate.swift; sourceTree = "<group>"; };
		434CC25D256CE7CD001378E8 /* ContentView.swift */ = {isa = PBXFileReference; lastKnownFileType = sourcecode.swift; path = ContentView.swift; sourceTree = "<group>"; };
		434CC25F256CE7D0001378E8 /* Assets.xcassets */ = {isa = PBXFileReference; lastKnownFileType = folder.assetcatalog; path = Assets.xcassets; sourceTree = "<group>"; };
		434CC262256CE7D0001378E8 /* Preview Assets.xcassets */ = {isa = PBXFileReference; lastKnownFileType = folder.assetcatalog; path = "Preview Assets.xcassets"; sourceTree = "<group>"; };
		434CC265256CE7D0001378E8 /* Base */ = {isa = PBXFileReference; lastKnownFileType = file.storyboard; name = Base; path = Base.lproj/LaunchScreen.storyboard; sourceTree = "<group>"; };
		434CC267256CE7D0001378E8 /* Info.plist */ = {isa = PBXFileReference; lastKnownFileType = text.plist.xml; path = Info.plist; sourceTree = "<group>"; };
		434CC26C256CE7D2001378E8 /* HandyFriendsTests.xctest */ = {isa = PBXFileReference; explicitFileType = wrapper.cfbundle; includeInIndex = 0; path = HandyFriendsTests.xctest; sourceTree = BUILT_PRODUCTS_DIR; };
		434CC270256CE7D2001378E8 /* HandyFriendsTests.swift */ = {isa = PBXFileReference; lastKnownFileType = sourcecode.swift; path = HandyFriendsTests.swift; sourceTree = "<group>"; };
		434CC272256CE7D2001378E8 /* Info.plist */ = {isa = PBXFileReference; lastKnownFileType = text.plist.xml; path = Info.plist; sourceTree = "<group>"; };
		434CC277256CE7D2001378E8 /* HandyFriendsUITests.xctest */ = {isa = PBXFileReference; explicitFileType = wrapper.cfbundle; includeInIndex = 0; path = HandyFriendsUITests.xctest; sourceTree = BUILT_PRODUCTS_DIR; };
		434CC27B256CE7D2001378E8 /* HandyFriendsUITests.swift */ = {isa = PBXFileReference; lastKnownFileType = sourcecode.swift; path = HandyFriendsUITests.swift; sourceTree = "<group>"; };
		434CC27D256CE7D2001378E8 /* Info.plist */ = {isa = PBXFileReference; lastKnownFileType = text.plist.xml; path = Info.plist; sourceTree = "<group>"; };
		434CC28C256CE801001378E8 /* ReusableViews.swift */ = {isa = PBXFileReference; lastKnownFileType = sourcecode.swift; path = ReusableViews.swift; sourceTree = "<group>"; };
		434CC291256D07EB001378E8 /* SettingsView.swift */ = {isa = PBXFileReference; lastKnownFileType = sourcecode.swift; path = SettingsView.swift; sourceTree = "<group>"; };
/* End PBXFileReference section */

/* Begin PBXFrameworksBuildPhase section */
		434CC253256CE7CD001378E8 /* Frameworks */ = {
			isa = PBXFrameworksBuildPhase;
			buildActionMask = 2147483647;
			files = (
			);
			runOnlyForDeploymentPostprocessing = 0;
		};
		434CC269256CE7D2001378E8 /* Frameworks */ = {
			isa = PBXFrameworksBuildPhase;
			buildActionMask = 2147483647;
			files = (
			);
			runOnlyForDeploymentPostprocessing = 0;
		};
		434CC274256CE7D2001378E8 /* Frameworks */ = {
			isa = PBXFrameworksBuildPhase;
			buildActionMask = 2147483647;
			files = (
			);
			runOnlyForDeploymentPostprocessing = 0;
		};
/* End PBXFrameworksBuildPhase section */

/* Begin PBXGroup section */
		434CC24D256CE7CC001378E8 = {
			isa = PBXGroup;
			children = (
				434CC258256CE7CD001378E8 /* HandyFriends */,
				434CC26F256CE7D2001378E8 /* HandyFriendsTests */,
				434CC27A256CE7D2001378E8 /* HandyFriendsUITests */,
				434CC257256CE7CD001378E8 /* Products */,
			);
			sourceTree = "<group>";
		};
		434CC257256CE7CD001378E8 /* Products */ = {
			isa = PBXGroup;
			children = (
				434CC256256CE7CD001378E8 /* HandyFriends.app */,
				434CC26C256CE7D2001378E8 /* HandyFriendsTests.xctest */,
				434CC277256CE7D2001378E8 /* HandyFriendsUITests.xctest */,
			);
			name = Products;
			sourceTree = "<group>";
		};
		434CC258256CE7CD001378E8 /* HandyFriends */ = {
			isa = PBXGroup;
			children = (
				434CC259256CE7CD001378E8 /* AppDelegate.swift */,
				434CC25B256CE7CD001378E8 /* SceneDelegate.swift */,
				434CC25D256CE7CD001378E8 /* ContentView.swift */,
				434CC25F256CE7D0001378E8 /* Assets.xcassets */,
				434CC264256CE7D0001378E8 /* LaunchScreen.storyboard */,
				434CC267256CE7D0001378E8 /* Info.plist */,
				434CC261256CE7D0001378E8 /* Preview Content */,
				434CC28C256CE801001378E8 /* ReusableViews.swift */,
				434CC291256D07EB001378E8 /* SettingsView.swift */,
				4305459F256F352100D9FB03 /* TaskView.swift */,
			);
			path = HandyFriends;
			sourceTree = "<group>";
		};
		434CC261256CE7D0001378E8 /* Preview Content */ = {
			isa = PBXGroup;
			children = (
				434CC262256CE7D0001378E8 /* Preview Assets.xcassets */,
			);
			path = "Preview Content";
			sourceTree = "<group>";
		};
		434CC26F256CE7D2001378E8 /* HandyFriendsTests */ = {
			isa = PBXGroup;
			children = (
				434CC270256CE7D2001378E8 /* HandyFriendsTests.swift */,
				434CC272256CE7D2001378E8 /* Info.plist */,
			);
			path = HandyFriendsTests;
			sourceTree = "<group>";
		};
		434CC27A256CE7D2001378E8 /* HandyFriendsUITests */ = {
			isa = PBXGroup;
			children = (
				434CC27B256CE7D2001378E8 /* HandyFriendsUITests.swift */,
				434CC27D256CE7D2001378E8 /* Info.plist */,
			);
			path = HandyFriendsUITests;
			sourceTree = "<group>";
		};
/* End PBXGroup section */

/* Begin PBXNativeTarget section */
		434CC255256CE7CD001378E8 /* HandyFriends */ = {
			isa = PBXNativeTarget;
			buildConfigurationList = 434CC280256CE7D2001378E8 /* Build configuration list for PBXNativeTarget "HandyFriends" */;
			buildPhases = (
				434CC252256CE7CD001378E8 /* Sources */,
				434CC253256CE7CD001378E8 /* Frameworks */,
				434CC254256CE7CD001378E8 /* Resources */,
			);
			buildRules = (
			);
			dependencies = (
			);
			name = HandyFriends;
			productName = HandyFriends;
			productReference = 434CC256256CE7CD001378E8 /* HandyFriends.app */;
			productType = "com.apple.product-type.application";
		};
		434CC26B256CE7D2001378E8 /* HandyFriendsTests */ = {
			isa = PBXNativeTarget;
			buildConfigurationList = 434CC283256CE7D2001378E8 /* Build configuration list for PBXNativeTarget "HandyFriendsTests" */;
			buildPhases = (
				434CC268256CE7D2001378E8 /* Sources */,
				434CC269256CE7D2001378E8 /* Frameworks */,
				434CC26A256CE7D2001378E8 /* Resources */,
			);
			buildRules = (
			);
			dependencies = (
				434CC26E256CE7D2001378E8 /* PBXTargetDependency */,
			);
			name = HandyFriendsTests;
			productName = HandyFriendsTests;
			productReference = 434CC26C256CE7D2001378E8 /* HandyFriendsTests.xctest */;
			productType = "com.apple.product-type.bundle.unit-test";
		};
		434CC276256CE7D2001378E8 /* HandyFriendsUITests */ = {
			isa = PBXNativeTarget;
			buildConfigurationList = 434CC286256CE7D2001378E8 /* Build configuration list for PBXNativeTarget "HandyFriendsUITests" */;
			buildPhases = (
				434CC273256CE7D2001378E8 /* Sources */,
				434CC274256CE7D2001378E8 /* Frameworks */,
				434CC275256CE7D2001378E8 /* Resources */,
			);
			buildRules = (
			);
			dependencies = (
				434CC279256CE7D2001378E8 /* PBXTargetDependency */,
			);
			name = HandyFriendsUITests;
			productName = HandyFriendsUITests;
			productReference = 434CC277256CE7D2001378E8 /* HandyFriendsUITests.xctest */;
			productType = "com.apple.product-type.bundle.ui-testing";
		};
/* End PBXNativeTarget section */

/* Begin PBXProject section */
		434CC24E256CE7CC001378E8 /* Project object */ = {
			isa = PBXProject;
			attributes = {
				LastSwiftUpdateCheck = 1220;
				LastUpgradeCheck = 1220;
				TargetAttributes = {
					434CC255256CE7CD001378E8 = {
						CreatedOnToolsVersion = 12.2;
					};
					434CC26B256CE7D2001378E8 = {
						CreatedOnToolsVersion = 12.2;
						TestTargetID = 434CC255256CE7CD001378E8;
					};
					434CC276256CE7D2001378E8 = {
						CreatedOnToolsVersion = 12.2;
						TestTargetID = 434CC255256CE7CD001378E8;
					};
				};
			};
			buildConfigurationList = 434CC251256CE7CC001378E8 /* Build configuration list for PBXProject "HandyFriends" */;
			compatibilityVersion = "Xcode 9.3";
			developmentRegion = en;
			hasScannedForEncodings = 0;
			knownRegions = (
				en,
				Base,
			);
			mainGroup = 434CC24D256CE7CC001378E8;
			productRefGroup = 434CC257256CE7CD001378E8 /* Products */;
			projectDirPath = "";
			projectRoot = "";
			targets = (
				434CC255256CE7CD001378E8 /* HandyFriends */,
				434CC26B256CE7D2001378E8 /* HandyFriendsTests */,
				434CC276256CE7D2001378E8 /* HandyFriendsUITests */,
			);
		};
/* End PBXProject section */

/* Begin PBXResourcesBuildPhase section */
		434CC254256CE7CD001378E8 /* Resources */ = {
			isa = PBXResourcesBuildPhase;
			buildActionMask = 2147483647;
			files = (
				434CC266256CE7D0001378E8 /* LaunchScreen.storyboard in Resources */,
				434CC263256CE7D0001378E8 /* Preview Assets.xcassets in Resources */,
				434CC260256CE7D0001378E8 /* Assets.xcassets in Resources */,
			);
			runOnlyForDeploymentPostprocessing = 0;
		};
		434CC26A256CE7D2001378E8 /* Resources */ = {
			isa = PBXResourcesBuildPhase;
			buildActionMask = 2147483647;
			files = (
			);
			runOnlyForDeploymentPostprocessing = 0;
		};
		434CC275256CE7D2001378E8 /* Resources */ = {
			isa = PBXResourcesBuildPhase;
			buildActionMask = 2147483647;
			files = (
			);
			runOnlyForDeploymentPostprocessing = 0;
		};
/* End PBXResourcesBuildPhase section */

/* Begin PBXSourcesBuildPhase section */
		434CC252256CE7CD001378E8 /* Sources */ = {
			isa = PBXSourcesBuildPhase;
			buildActionMask = 2147483647;
			files = (
				434CC292256D07ED001378E8 /* SettingsView.swift in Sources */,
				434CC25A256CE7CD001378E8 /* AppDelegate.swift in Sources */,
				434CC25C256CE7CD001378E8 /* SceneDelegate.swift in Sources */,
				430545A0256F352200D9FB03 /* TaskView.swift in Sources */,
				434CC25E256CE7CD001378E8 /* ContentView.swift in Sources */,
				434CC28D256CE801001378E8 /* ReusableViews.swift in Sources */,
			);
			runOnlyForDeploymentPostprocessing = 0;
		};
		434CC268256CE7D2001378E8 /* Sources */ = {
			isa = PBXSourcesBuildPhase;
			buildActionMask = 2147483647;
			files = (
				434CC271256CE7D2001378E8 /* HandyFriendsTests.swift in Sources */,
			);
			runOnlyForDeploymentPostprocessing = 0;
		};
		434CC273256CE7D2001378E8 /* Sources */ = {
			isa = PBXSourcesBuildPhase;
			buildActionMask = 2147483647;
			files = (
				434CC27C256CE7D2001378E8 /* HandyFriendsUITests.swift in Sources */,
			);
			runOnlyForDeploymentPostprocessing = 0;
		};
/* End PBXSourcesBuildPhase section */

/* Begin PBXTargetDependency section */
		434CC26E256CE7D2001378E8 /* PBXTargetDependency */ = {
			isa = PBXTargetDependency;
			target = 434CC255256CE7CD001378E8 /* HandyFriends */;
			targetProxy = 434CC26D256CE7D2001378E8 /* PBXContainerItemProxy */;
		};
		434CC279256CE7D2001378E8 /* PBXTargetDependency */ = {
			isa = PBXTargetDependency;
			target = 434CC255256CE7CD001378E8 /* HandyFriends */;
			targetProxy = 434CC278256CE7D2001378E8 /* PBXContainerItemProxy */;
		};
/* End PBXTargetDependency section */

/* Begin PBXVariantGroup section */
		434CC264256CE7D0001378E8 /* LaunchScreen.storyboard */ = {
			isa = PBXVariantGroup;
			children = (
				434CC265256CE7D0001378E8 /* Base */,
			);
			name = LaunchScreen.storyboard;
			sourceTree = "<group>";
		};
/* End PBXVariantGroup section */

/* Begin XCBuildConfiguration section */
		434CC27E256CE7D2001378E8 /* Debug */ = {
			isa = XCBuildConfiguration;
			buildSettings = {
				ALWAYS_SEARCH_USER_PATHS = NO;
				CLANG_ANALYZER_NONNULL = YES;
				CLANG_ANALYZER_NUMBER_OBJECT_CONVERSION = YES_AGGRESSIVE;
				CLANG_CXX_LANGUAGE_STANDARD = "gnu++14";
				CLANG_CXX_LIBRARY = "libc++";
				CLANG_ENABLE_MODULES = YES;
				CLANG_ENABLE_OBJC_ARC = YES;
				CLANG_ENABLE_OBJC_WEAK = YES;
				CLANG_WARN_BLOCK_CAPTURE_AUTORELEASING = YES;
				CLANG_WARN_BOOL_CONVERSION = YES;
				CLANG_WARN_COMMA = YES;
				CLANG_WARN_CONSTANT_CONVERSION = YES;
				CLANG_WARN_DEPRECATED_OBJC_IMPLEMENTATIONS = YES;
				CLANG_WARN_DIRECT_OBJC_ISA_USAGE = YES_ERROR;
				CLANG_WARN_DOCUMENTATION_COMMENTS = YES;
				CLANG_WARN_EMPTY_BODY = YES;
				CLANG_WARN_ENUM_CONVERSION = YES;
				CLANG_WARN_INFINITE_RECURSION = YES;
				CLANG_WARN_INT_CONVERSION = YES;
				CLANG_WARN_NON_LITERAL_NULL_CONVERSION = YES;
				CLANG_WARN_OBJC_IMPLICIT_RETAIN_SELF = YES;
				CLANG_WARN_OBJC_LITERAL_CONVERSION = YES;
				CLANG_WARN_OBJC_ROOT_CLASS = YES_ERROR;
				CLANG_WARN_QUOTED_INCLUDE_IN_FRAMEWORK_HEADER = YES;
				CLANG_WARN_RANGE_LOOP_ANALYSIS = YES;
				CLANG_WARN_STRICT_PROTOTYPES = YES;
				CLANG_WARN_SUSPICIOUS_MOVE = YES;
				CLANG_WARN_UNGUARDED_AVAILABILITY = YES_AGGRESSIVE;
				CLANG_WARN_UNREACHABLE_CODE = YES;
				CLANG_WARN__DUPLICATE_METHOD_MATCH = YES;
				COPY_PHASE_STRIP = NO;
				DEBUG_INFORMATION_FORMAT = dwarf;
				ENABLE_STRICT_OBJC_MSGSEND = YES;
				ENABLE_TESTABILITY = YES;
				GCC_C_LANGUAGE_STANDARD = gnu11;
				GCC_DYNAMIC_NO_PIC = NO;
				GCC_NO_COMMON_BLOCKS = YES;
				GCC_OPTIMIZATION_LEVEL = 0;
				GCC_PREPROCESSOR_DEFINITIONS = (
					"DEBUG=1",
					"$(inherited)",
				);
				GCC_WARN_64_TO_32_BIT_CONVERSION = YES;
				GCC_WARN_ABOUT_RETURN_TYPE = YES_ERROR;
				GCC_WARN_UNDECLARED_SELECTOR = YES;
				GCC_WARN_UNINITIALIZED_AUTOS = YES_AGGRESSIVE;
				GCC_WARN_UNUSED_FUNCTION = YES;
				GCC_WARN_UNUSED_VARIABLE = YES;
				IPHONEOS_DEPLOYMENT_TARGET = 14.2;
				MTL_ENABLE_DEBUG_INFO = INCLUDE_SOURCE;
				MTL_FAST_MATH = YES;
				ONLY_ACTIVE_ARCH = YES;
				SDKROOT = iphoneos;
				SWIFT_ACTIVE_COMPILATION_CONDITIONS = DEBUG;
				SWIFT_OPTIMIZATION_LEVEL = "-Onone";
			};
			name = Debug;
		};
		434CC27F256CE7D2001378E8 /* Release */ = {
			isa = XCBuildConfiguration;
			buildSettings = {
				ALWAYS_SEARCH_USER_PATHS = NO;
				CLANG_ANALYZER_NONNULL = YES;
				CLANG_ANALYZER_NUMBER_OBJECT_CONVERSION = YES_AGGRESSIVE;
				CLANG_CXX_LANGUAGE_STANDARD = "gnu++14";
				CLANG_CXX_LIBRARY = "libc++";
				CLANG_ENABLE_MODULES = YES;
				CLANG_ENABLE_OBJC_ARC = YES;
				CLANG_ENABLE_OBJC_WEAK = YES;
				CLANG_WARN_BLOCK_CAPTURE_AUTORELEASING = YES;
				CLANG_WARN_BOOL_CONVERSION = YES;
				CLANG_WARN_COMMA = YES;
				CLANG_WARN_CONSTANT_CONVERSION = YES;
				CLANG_WARN_DEPRECATED_OBJC_IMPLEMENTATIONS = YES;
				CLANG_WARN_DIRECT_OBJC_ISA_USAGE = YES_ERROR;
				CLANG_WARN_DOCUMENTATION_COMMENTS = YES;
				CLANG_WARN_EMPTY_BODY = YES;
				CLANG_WARN_ENUM_CONVERSION = YES;
				CLANG_WARN_INFINITE_RECURSION = YES;
				CLANG_WARN_INT_CONVERSION = YES;
				CLANG_WARN_NON_LITERAL_NULL_CONVERSION = YES;
				CLANG_WARN_OBJC_IMPLICIT_RETAIN_SELF = YES;
				CLANG_WARN_OBJC_LITERAL_CONVERSION = YES;
				CLANG_WARN_OBJC_ROOT_CLASS = YES_ERROR;
				CLANG_WARN_QUOTED_INCLUDE_IN_FRAMEWORK_HEADER = YES;
				CLANG_WARN_RANGE_LOOP_ANALYSIS = YES;
				CLANG_WARN_STRICT_PROTOTYPES = YES;
				CLANG_WARN_SUSPICIOUS_MOVE = YES;
				CLANG_WARN_UNGUARDED_AVAILABILITY = YES_AGGRESSIVE;
				CLANG_WARN_UNREACHABLE_CODE = YES;
				CLANG_WARN__DUPLICATE_METHOD_MATCH = YES;
				COPY_PHASE_STRIP = NO;
				DEBUG_INFORMATION_FORMAT = "dwarf-with-dsym";
				ENABLE_NS_ASSERTIONS = NO;
				ENABLE_STRICT_OBJC_MSGSEND = YES;
				GCC_C_LANGUAGE_STANDARD = gnu11;
				GCC_NO_COMMON_BLOCKS = YES;
				GCC_WARN_64_TO_32_BIT_CONVERSION = YES;
				GCC_WARN_ABOUT_RETURN_TYPE = YES_ERROR;
				GCC_WARN_UNDECLARED_SELECTOR = YES;
				GCC_WARN_UNINITIALIZED_AUTOS = YES_AGGRESSIVE;
				GCC_WARN_UNUSED_FUNCTION = YES;
				GCC_WARN_UNUSED_VARIABLE = YES;
				IPHONEOS_DEPLOYMENT_TARGET = 14.2;
				MTL_ENABLE_DEBUG_INFO = NO;
				MTL_FAST_MATH = YES;
				SDKROOT = iphoneos;
				SWIFT_COMPILATION_MODE = wholemodule;
				SWIFT_OPTIMIZATION_LEVEL = "-O";
				VALIDATE_PRODUCT = YES;
			};
			name = Release;
		};
		434CC281256CE7D2001378E8 /* Debug */ = {
			isa = XCBuildConfiguration;
			buildSettings = {
				ASSETCATALOG_COMPILER_APPICON_NAME = AppIcon;
				ASSETCATALOG_COMPILER_GLOBAL_ACCENT_COLOR_NAME = AccentColor;
				CODE_SIGN_STYLE = Automatic;
				DEVELOPMENT_ASSET_PATHS = "\"HandyFriends/Preview Content\"";
				ENABLE_PREVIEWS = YES;
				INFOPLIST_FILE = HandyFriends/Info.plist;
				LD_RUNPATH_SEARCH_PATHS = (
					"$(inherited)",
					"@executable_path/Frameworks",
				);
				PRODUCT_BUNDLE_IDENTIFIER = HandyFriends.HandyFriends;
				PRODUCT_NAME = "$(TARGET_NAME)";
				SWIFT_VERSION = 5.0;
				TARGETED_DEVICE_FAMILY = "1,2";
			};
			name = Debug;
		};
		434CC282256CE7D2001378E8 /* Release */ = {
			isa = XCBuildConfiguration;
			buildSettings = {
				ASSETCATALOG_COMPILER_APPICON_NAME = AppIcon;
				ASSETCATALOG_COMPILER_GLOBAL_ACCENT_COLOR_NAME = AccentColor;
				CODE_SIGN_STYLE = Automatic;
				DEVELOPMENT_ASSET_PATHS = "\"HandyFriends/Preview Content\"";
				ENABLE_PREVIEWS = YES;
				INFOPLIST_FILE = HandyFriends/Info.plist;
				LD_RUNPATH_SEARCH_PATHS = (
					"$(inherited)",
					"@executable_path/Frameworks",
				);
				PRODUCT_BUNDLE_IDENTIFIER = HandyFriends.HandyFriends;
				PRODUCT_NAME = "$(TARGET_NAME)";
				SWIFT_VERSION = 5.0;
				TARGETED_DEVICE_FAMILY = "1,2";
			};
			name = Release;
		};
		434CC284256CE7D2001378E8 /* Debug */ = {
			isa = XCBuildConfiguration;
			buildSettings = {
				ALWAYS_EMBED_SWIFT_STANDARD_LIBRARIES = YES;
				BUNDLE_LOADER = "$(TEST_HOST)";
				CODE_SIGN_STYLE = Automatic;
				INFOPLIST_FILE = HandyFriendsTests/Info.plist;
				IPHONEOS_DEPLOYMENT_TARGET = 14.2;
				LD_RUNPATH_SEARCH_PATHS = (
					"$(inherited)",
					"@executable_path/Frameworks",
					"@loader_path/Frameworks",
				);
				PRODUCT_BUNDLE_IDENTIFIER = HandyFriends.HandyFriendsTests;
				PRODUCT_NAME = "$(TARGET_NAME)";
				SWIFT_VERSION = 5.0;
				TARGETED_DEVICE_FAMILY = "1,2";
				TEST_HOST = "$(BUILT_PRODUCTS_DIR)/HandyFriends.app/HandyFriends";
			};
			name = Debug;
		};
		434CC285256CE7D2001378E8 /* Release */ = {
			isa = XCBuildConfiguration;
			buildSettings = {
				ALWAYS_EMBED_SWIFT_STANDARD_LIBRARIES = YES;
				BUNDLE_LOADER = "$(TEST_HOST)";
				CODE_SIGN_STYLE = Automatic;
				INFOPLIST_FILE = HandyFriendsTests/Info.plist;
				IPHONEOS_DEPLOYMENT_TARGET = 14.2;
				LD_RUNPATH_SEARCH_PATHS = (
					"$(inherited)",
					"@executable_path/Frameworks",
					"@loader_path/Frameworks",
				);
				PRODUCT_BUNDLE_IDENTIFIER = HandyFriends.HandyFriendsTests;
				PRODUCT_NAME = "$(TARGET_NAME)";
				SWIFT_VERSION = 5.0;
				TARGETED_DEVICE_FAMILY = "1,2";
				TEST_HOST = "$(BUILT_PRODUCTS_DIR)/HandyFriends.app/HandyFriends";
			};
			name = Release;
		};
		434CC287256CE7D2001378E8 /* Debug */ = {
			isa = XCBuildConfiguration;
			buildSettings = {
				ALWAYS_EMBED_SWIFT_STANDARD_LIBRARIES = YES;
				CODE_SIGN_STYLE = Automatic;
				INFOPLIST_FILE = HandyFriendsUITests/Info.plist;
				LD_RUNPATH_SEARCH_PATHS = (
					"$(inherited)",
					"@executable_path/Frameworks",
					"@loader_path/Frameworks",
				);
				PRODUCT_BUNDLE_IDENTIFIER = HandyFriends.HandyFriendsUITests;
				PRODUCT_NAME = "$(TARGET_NAME)";
				SWIFT_VERSION = 5.0;
				TARGETED_DEVICE_FAMILY = "1,2";
				TEST_TARGET_NAME = HandyFriends;
			};
			name = Debug;
		};
		434CC288256CE7D2001378E8 /* Release */ = {
			isa = XCBuildConfiguration;
			buildSettings = {
				ALWAYS_EMBED_SWIFT_STANDARD_LIBRARIES = YES;
				CODE_SIGN_STYLE = Automatic;
				INFOPLIST_FILE = HandyFriendsUITests/Info.plist;
				LD_RUNPATH_SEARCH_PATHS = (
					"$(inherited)",
					"@executable_path/Frameworks",
					"@loader_path/Frameworks",
				);
				PRODUCT_BUNDLE_IDENTIFIER = HandyFriends.HandyFriendsUITests;
				PRODUCT_NAME = "$(TARGET_NAME)";
				SWIFT_VERSION = 5.0;
				TARGETED_DEVICE_FAMILY = "1,2";
				TEST_TARGET_NAME = HandyFriends;
			};
			name = Release;
		};
/* End XCBuildConfiguration section */

/* Begin XCConfigurationList section */
		434CC251256CE7CC001378E8 /* Build configuration list for PBXProject "HandyFriends" */ = {
			isa = XCConfigurationList;
			buildConfigurations = (
				434CC27E256CE7D2001378E8 /* Debug */,
				434CC27F256CE7D2001378E8 /* Release */,
			);
			defaultConfigurationIsVisible = 0;
			defaultConfigurationName = Release;
		};
		434CC280256CE7D2001378E8 /* Build configuration list for PBXNativeTarget "HandyFriends" */ = {
			isa = XCConfigurationList;
			buildConfigurations = (
				434CC281256CE7D2001378E8 /* Debug */,
				434CC282256CE7D2001378E8 /* Release */,
			);
			defaultConfigurationIsVisible = 0;
			defaultConfigurationName = Release;
		};
		434CC283256CE7D2001378E8 /* Build configuration list for PBXNativeTarget "HandyFriendsTests" */ = {
			isa = XCConfigurationList;
			buildConfigurations = (
				434CC284256CE7D2001378E8 /* Debug */,
				434CC285256CE7D2001378E8 /* Release */,
			);
			defaultConfigurationIsVisible = 0;
			defaultConfigurationName = Release;
		};
		434CC286256CE7D2001378E8 /* Build configuration list for PBXNativeTarget "HandyFriendsUITests" */ = {
			isa = XCConfigurationList;
			buildConfigurations = (
				434CC287256CE7D2001378E8 /* Debug */,
				434CC288256CE7D2001378E8 /* Release */,
			);
			defaultConfigurationIsVisible = 0;
			defaultConfigurationName = Release;
		};
/* End XCConfigurationList section */
	};
	rootObject = 434CC24E256CE7CC001378E8 /* Project object */;
}
